{
  "object": {
    "pins": [
      {
        "package": "CarBode",
        "repositoryURL": "https://github.com/heart/CarBode-Barcode-Scanner-For-SwiftUI",
        "state": {
          "branch": null,
          "revision": "6167624ec47174900434f1c03dfa0b2dd5d19c0d",
          "version": "2.2.3"
        }
      },
      {
        "package": "CodeScanner",
        "repositoryURL": "http://github.com/twostraws/CodeScanner",
        "state": {
          "branch": null,
          "revision": "a2144ddaa7c43a6ee00873edd4cc7815ad97942f",
          "version": "1.0.7"
        }
      },
      {
        "package": "FSCalendar",
        "repositoryURL": "https://github.com/WenchaoD/FSCalendar.git",
        "state": {
          "branch": null,
          "revision": "4e79a201fad268408a4fd9e2ef429497def9594f",
          "version": "2.8.2"
        }
      },
      {
        "package": "PopupView",
        "repositoryURL": "https://github.com/exyte/PopupView.git",
        "state": {
          "branch": null,
          "revision": "4cb236c8b8e9de5e93d4ba23354ad64427418935",
          "version": "0.0.12"
        }
      },
      {
        "package": "SwiftUIX",
        "repositoryURL": "https://github.com/SwiftUIX/SwiftUIX",
        "state": {
          "branch": "master",
          "revision": "c91cc0ae417fbcf9a35dfb965b793f83c62a2c13",
          "version": null
        }
      },
      {
        "package": "ValidatedPropertyKit",
        "repositoryURL": "https://github.com/SvenTiigi/ValidatedPropertyKit.git",
        "state": {
          "branch": null,
          "revision": "760c3c708e88c5e3c113e3a4dc26324ebaf351f7",
          "version": "0.0.4"
        }
      }
    ]
  },
  "version": 1
}
