{
  "object": {
    "pins": [
      {
        "package": "CarBode",
        "repositoryURL": "https://github.com/heart/CarBode-Barcode-Scanner-For-SwiftUI",
        "state": {
          "branch": null,
          "revision": "b4e39ab4d65e2795fb0f0a48940ac8bfd799c5f5",
          "version": "2.2.2"
        }
      },
      {
        "package": "CodeScanner",
        "repositoryURL": "http://github.com/twostraws/CodeScanner",
        "state": {
          "branch": null,
          "revision": "a2144ddaa7c43a6ee00873edd4cc7815ad97942f",
          "version": "1.0.7"
        }
      },
      {
        "package": "ValidatedPropertyKit",
        "repositoryURL": "https://github.com/SvenTiigi/ValidatedPropertyKit.git",
        "state": {
          "branch": null,
          "revision": "760c3c708e88c5e3c113e3a4dc26324ebaf351f7",
          "version": "0.0.4"
        }
      }
    ]
  },
  "version": 1
}
