{
  "object": {
    "pins": [
      {
        "package": "CarBode",
        "repositoryURL": "https://github.com/heart/CarBode-Barcode-Scanner-For-SwiftUI",
        "state": {
          "branch": null,
          "revision": "b4e39ab4d65e2795fb0f0a48940ac8bfd799c5f5",
          "version": "2.2.2"
        }
      },
      {
        "package": "CodeScanner",
        "repositoryURL": "http://github.com/twostraws/CodeScanner",
        "state": {
          "branch": null,
          "revision": "a2144ddaa7c43a6ee00873edd4cc7815ad97942f",
          "version": "1.0.7"
        }
      },
      {
        "package": "HorizonCalendar",
        "repositoryURL": "https://github.com/airbnb/HorizonCalendar.git",
        "state": {
          "branch": null,
          "revision": "4fa9d72c4e14bd99e8d7272acd9e88291daee824",
          "version": "1.8.0"
        }
      },
      {
        "package": "PopupView",
        "repositoryURL": "https://github.com/exyte/PopupView.git",
        "state": {
          "branch": null,
          "revision": "4cb236c8b8e9de5e93d4ba23354ad64427418935",
          "version": "0.0.12"
        }
      },
      {
        "package": "SwiftUIX",
        "repositoryURL": "https://github.com/SwiftUIX/SwiftUIX",
        "state": {
          "branch": "master",
          "revision": "004bee5f6b1bb0cd7b04e0d70bac18ca3736b032",
          "version": null
        }
      },
      {
        "package": "ValidatedPropertyKit",
        "repositoryURL": "https://github.com/SvenTiigi/ValidatedPropertyKit.git",
        "state": {
          "branch": null,
          "revision": "760c3c708e88c5e3c113e3a4dc26324ebaf351f7",
          "version": "0.0.4"
        }
      }
    ]
  },
  "version": 1
}
